// !$*UTF8*$!
{
	archiveVersion = 1;
	classes = {
	};
	objectVersion = 46;
	objects = {

/* Begin PBXBuildFile section */
		271F08F71D924591003EEBFB /* Extensions.swift in Sources */ = {isa = PBXBuildFile; fileRef = 271F08F61D924591003EEBFB /* Extensions.swift */; };
		27AD28B01D8262CC0058612C /* AppDelegate.swift in Sources */ = {isa = PBXBuildFile; fileRef = 27AD28AF1D8262CC0058612C /* AppDelegate.swift */; };
		27AD28B21D8262CC0058612C /* LoginController.swift in Sources */ = {isa = PBXBuildFile; fileRef = 27AD28B11D8262CC0058612C /* LoginController.swift */; };
		27AD28B51D8262CC0058612C /* Main.storyboard in Resources */ = {isa = PBXBuildFile; fileRef = 27AD28B31D8262CC0058612C /* Main.storyboard */; };
		27AD28B71D8262CC0058612C /* Assets.xcassets in Resources */ = {isa = PBXBuildFile; fileRef = 27AD28B61D8262CC0058612C /* Assets.xcassets */; };
		27AD28BA1D8262CC0058612C /* LaunchScreen.storyboard in Resources */ = {isa = PBXBuildFile; fileRef = 27AD28B81D8262CC0058612C /* LaunchScreen.storyboard */; };
		27AD28C21D8264800058612C /* PageCell.swift in Sources */ = {isa = PBXBuildFile; fileRef = 27AD28C11D8264800058612C /* PageCell.swift */; };
		27AD28C41D82649A0058612C /* Page.swift in Sources */ = {isa = PBXBuildFile; fileRef = 27AD28C31D82649A0058612C /* Page.swift */; };
		27DC46ED1D945186009D1DC6 /* LoginCell.swift in Sources */ = {isa = PBXBuildFile; fileRef = 27DC46EC1D945186009D1DC6 /* LoginCell.swift */; };
		27DC46F51D9EB71D009D1DC6 /* MainNavigationController.swift in Sources */ = {isa = PBXBuildFile; fileRef = 27DC46F41D9EB71D009D1DC6 /* MainNavigationController.swift */; };
		27F4FFBE1DA606F400D8B3B9 /* UserDefaults+helpers.swift in Sources */ = {isa = PBXBuildFile; fileRef = 27F4FFBD1DA606F400D8B3B9 /* UserDefaults+helpers.swift */; };
		27F4FFC01DA607BC00D8B3B9 /* HomeController.swift in Sources */ = {isa = PBXBuildFile; fileRef = 27F4FFBF1DA607BC00D8B3B9 /* HomeController.swift */; };
/* End PBXBuildFile section */

/* Begin PBXFileReference section */
		271F08F61D924591003EEBFB /* Extensions.swift */ = {isa = PBXFileReference; fileEncoding = 4; lastKnownFileType = sourcecode.swift; path = Extensions.swift; sourceTree = "<group>"; };
		27AD28AC1D8262CC0058612C /* Walkthrough.app */ = {isa = PBXFileReference; explicitFileType = wrapper.application; includeInIndex = 0; path = Walkthrough.app; sourceTree = BUILT_PRODUCTS_DIR; };
		27AD28AF1D8262CC0058612C /* AppDelegate.swift */ = {isa = PBXFileReference; lastKnownFileType = sourcecode.swift; path = AppDelegate.swift; sourceTree = "<group>"; };
		27AD28B11D8262CC0058612C /* LoginController.swift */ = {isa = PBXFileReference; lastKnownFileType = sourcecode.swift; path = LoginController.swift; sourceTree = "<group>"; };
		27AD28B41D8262CC0058612C /* Base */ = {isa = PBXFileReference; lastKnownFileType = file.storyboard; name = Base; path = Base.lproj/Main.storyboard; sourceTree = "<group>"; };
		27AD28B61D8262CC0058612C /* Assets.xcassets */ = {isa = PBXFileReference; lastKnownFileType = folder.assetcatalog; path = Assets.xcassets; sourceTree = "<group>"; };
		27AD28B91D8262CC0058612C /* Base */ = {isa = PBXFileReference; lastKnownFileType = file.storyboard; name = Base; path = Base.lproj/LaunchScreen.storyboard; sourceTree = "<group>"; };
		27AD28BB1D8262CC0058612C /* Info.plist */ = {isa = PBXFileReference; lastKnownFileType = text.plist.xml; path = Info.plist; sourceTree = "<group>"; };
		27AD28C11D8264800058612C /* PageCell.swift */ = {isa = PBXFileReference; fileEncoding = 4; lastKnownFileType = sourcecode.swift; path = PageCell.swift; sourceTree = "<group>"; };
		27AD28C31D82649A0058612C /* Page.swift */ = {isa = PBXFileReference; fileEncoding = 4; lastKnownFileType = sourcecode.swift; path = Page.swift; sourceTree = "<group>"; };
		27DC46EC1D945186009D1DC6 /* LoginCell.swift */ = {isa = PBXFileReference; fileEncoding = 4; lastKnownFileType = sourcecode.swift; path = LoginCell.swift; sourceTree = "<group>"; };
		27DC46F41D9EB71D009D1DC6 /* MainNavigationController.swift */ = {isa = PBXFileReference; fileEncoding = 4; lastKnownFileType = sourcecode.swift; path = MainNavigationController.swift; sourceTree = "<group>"; };
		27F4FFBD1DA606F400D8B3B9 /* UserDefaults+helpers.swift */ = {isa = PBXFileReference; fileEncoding = 4; lastKnownFileType = sourcecode.swift; path = "UserDefaults+helpers.swift"; sourceTree = "<group>"; };
		27F4FFBF1DA607BC00D8B3B9 /* HomeController.swift */ = {isa = PBXFileReference; fileEncoding = 4; lastKnownFileType = sourcecode.swift; path = HomeController.swift; sourceTree = "<group>"; };
/* End PBXFileReference section */

/* Begin PBXFrameworksBuildPhase section */
		27AD28A91D8262CC0058612C /* Frameworks */ = {
			isa = PBXFrameworksBuildPhase;
			buildActionMask = 2147483647;
			files = (
			);
			runOnlyForDeploymentPostprocessing = 0;
		};
/* End PBXFrameworksBuildPhase section */

/* Begin PBXGroup section */
		27AD28A31D8262CC0058612C = {
			isa = PBXGroup;
			children = (
				27AD28AE1D8262CC0058612C /* Walkthrough */,
				27AD28AD1D8262CC0058612C /* Products */,
			);
			sourceTree = "<group>";
		};
		27AD28AD1D8262CC0058612C /* Products */ = {
			isa = PBXGroup;
			children = (
				27AD28AC1D8262CC0058612C /* Walkthrough.app */,
			);
			name = Products;
			sourceTree = "<group>";
		};
		27AD28AE1D8262CC0058612C /* Walkthrough */ = {
			isa = PBXGroup;
			children = (
				27AD28AF1D8262CC0058612C /* AppDelegate.swift */,
				27AD28B11D8262CC0058612C /* LoginController.swift */,
				27DC46F41D9EB71D009D1DC6 /* MainNavigationController.swift */,
				27F4FFBF1DA607BC00D8B3B9 /* HomeController.swift */,
				27AD28B31D8262CC0058612C /* Main.storyboard */,
				27AD28B61D8262CC0058612C /* Assets.xcassets */,
				27AD28B81D8262CC0058612C /* LaunchScreen.storyboard */,
				27AD28BB1D8262CC0058612C /* Info.plist */,
				27AD28C11D8264800058612C /* PageCell.swift */,
				27DC46EC1D945186009D1DC6 /* LoginCell.swift */,
				27AD28C31D82649A0058612C /* Page.swift */,
				271F08F61D924591003EEBFB /* Extensions.swift */,
				27F4FFBD1DA606F400D8B3B9 /* UserDefaults+helpers.swift */,
			);
			path = Walkthrough;
			sourceTree = "<group>";
		};
/* End PBXGroup section */

/* Begin PBXNativeTarget section */
		27AD28AB1D8262CC0058612C /* Walkthrough */ = {
			isa = PBXNativeTarget;
			buildConfigurationList = 27AD28BE1D8262CC0058612C /* Build configuration list for PBXNativeTarget "Walkthrough" */;
			buildPhases = (
				27AD28A81D8262CC0058612C /* Sources */,
				27AD28A91D8262CC0058612C /* Frameworks */,
				27AD28AA1D8262CC0058612C /* Resources */,
			);
			buildRules = (
			);
			dependencies = (
			);
			name = Walkthrough;
			productName = Walkthrough;
			productReference = 27AD28AC1D8262CC0058612C /* Walkthrough.app */;
			productType = "com.apple.product-type.application";
		};
/* End PBXNativeTarget section */

/* Begin PBXProject section */
		27AD28A41D8262CC0058612C /* Project object */ = {
			isa = PBXProject;
			attributes = {
				LastSwiftUpdateCheck = 0730;
				LastUpgradeCheck = 0800;
				ORGANIZATIONNAME = "Jorge Casariego";
				TargetAttributes = {
					27AD28AB1D8262CC0058612C = {
						CreatedOnToolsVersion = 7.3.1;
						LastSwiftMigration = 0800;
					};
				};
			};
			buildConfigurationList = 27AD28A71D8262CC0058612C /* Build configuration list for PBXProject "Walkthrough" */;
			compatibilityVersion = "Xcode 3.2";
			developmentRegion = English;
			hasScannedForEncodings = 0;
			knownRegions = (
				en,
				Base,
			);
			mainGroup = 27AD28A31D8262CC0058612C;
			productRefGroup = 27AD28AD1D8262CC0058612C /* Products */;
			projectDirPath = "";
			projectRoot = "";
			targets = (
				27AD28AB1D8262CC0058612C /* Walkthrough */,
			);
		};
/* End PBXProject section */

/* Begin PBXResourcesBuildPhase section */
		27AD28AA1D8262CC0058612C /* Resources */ = {
			isa = PBXResourcesBuildPhase;
			buildActionMask = 2147483647;
			files = (
				27AD28BA1D8262CC0058612C /* LaunchScreen.storyboard in Resources */,
				27AD28B71D8262CC0058612C /* Assets.xcassets in Resources */,
				27AD28B51D8262CC0058612C /* Main.storyboard in Resources */,
			);
			runOnlyForDeploymentPostprocessing = 0;
		};
/* End PBXResourcesBuildPhase section */

/* Begin PBXSourcesBuildPhase section */
		27AD28A81D8262CC0058612C /* Sources */ = {
			isa = PBXSourcesBuildPhase;
			buildActionMask = 2147483647;
			files = (
				271F08F71D924591003EEBFB /* Extensions.swift in Sources */,
				27AD28B21D8262CC0058612C /* LoginController.swift in Sources */,
				27F4FFBE1DA606F400D8B3B9 /* UserDefaults+helpers.swift in Sources */,
				27AD28B01D8262CC0058612C /* AppDelegate.swift in Sources */,
				27AD28C41D82649A0058612C /* Page.swift in Sources */,
				27F4FFC01DA607BC00D8B3B9 /* HomeController.swift in Sources */,
				27DC46F51D9EB71D009D1DC6 /* MainNavigationController.swift in Sources */,
				27AD28C21D8264800058612C /* PageCell.swift in Sources */,
				27DC46ED1D945186009D1DC6 /* LoginCell.swift in Sources */,
			);
			runOnlyForDeploymentPostprocessing = 0;
		};
/* End PBXSourcesBuildPhase section */

/* Begin PBXVariantGroup section */
		27AD28B31D8262CC0058612C /* Main.storyboard */ = {
			isa = PBXVariantGroup;
			children = (
				27AD28B41D8262CC0058612C /* Base */,
			);
			name = Main.storyboard;
			sourceTree = "<group>";
		};
		27AD28B81D8262CC0058612C /* LaunchScreen.storyboard */ = {
			isa = PBXVariantGroup;
			children = (
				27AD28B91D8262CC0058612C /* Base */,
			);
			name = LaunchScreen.storyboard;
			sourceTree = "<group>";
		};
/* End PBXVariantGroup section */

/* Begin XCBuildConfiguration section */
		27AD28BC1D8262CC0058612C /* Debug */ = {
			isa = XCBuildConfiguration;
			buildSettings = {
				ALWAYS_SEARCH_USER_PATHS = NO;
				CLANG_ANALYZER_NONNULL = YES;
				CLANG_CXX_LANGUAGE_STANDARD = "gnu++0x";
				CLANG_CXX_LIBRARY = "libc++";
				CLANG_ENABLE_MODULES = YES;
				CLANG_ENABLE_OBJC_ARC = YES;
				CLANG_WARN_BOOL_CONVERSION = YES;
				CLANG_WARN_CONSTANT_CONVERSION = YES;
				CLANG_WARN_DIRECT_OBJC_ISA_USAGE = YES_ERROR;
				CLANG_WARN_EMPTY_BODY = YES;
				CLANG_WARN_ENUM_CONVERSION = YES;
				CLANG_WARN_INFINITE_RECURSION = YES;
				CLANG_WARN_INT_CONVERSION = YES;
				CLANG_WARN_OBJC_ROOT_CLASS = YES_ERROR;
				CLANG_WARN_SUSPICIOUS_MOVE = YES;
				CLANG_WARN_UNREACHABLE_CODE = YES;
				CLANG_WARN__DUPLICATE_METHOD_MATCH = YES;
				"CODE_SIGN_IDENTITY[sdk=iphoneos*]" = "iPhone Developer";
				COPY_PHASE_STRIP = NO;
				DEBUG_INFORMATION_FORMAT = dwarf;
				ENABLE_STRICT_OBJC_MSGSEND = YES;
				ENABLE_TESTABILITY = YES;
				GCC_C_LANGUAGE_STANDARD = gnu99;
				GCC_DYNAMIC_NO_PIC = NO;
				GCC_NO_COMMON_BLOCKS = YES;
				GCC_OPTIMIZATION_LEVEL = 0;
				GCC_PREPROCESSOR_DEFINITIONS = (
					"DEBUG=1",
					"$(inherited)",
				);
				GCC_WARN_64_TO_32_BIT_CONVERSION = YES;
				GCC_WARN_ABOUT_RETURN_TYPE = YES_ERROR;
				GCC_WARN_UNDECLARED_SELECTOR = YES;
				GCC_WARN_UNINITIALIZED_AUTOS = YES_AGGRESSIVE;
				GCC_WARN_UNUSED_FUNCTION = YES;
				GCC_WARN_UNUSED_VARIABLE = YES;
				IPHONEOS_DEPLOYMENT_TARGET = 9.3;
				MTL_ENABLE_DEBUG_INFO = YES;
				ONLY_ACTIVE_ARCH = YES;
				SDKROOT = iphoneos;
				SWIFT_OPTIMIZATION_LEVEL = "-Onone";
				TARGETED_DEVICE_FAMILY = "1,2";
			};
			name = Debug;
		};
		27AD28BD1D8262CC0058612C /* Release */ = {
			isa = XCBuildConfiguration;
			buildSettings = {
				ALWAYS_SEARCH_USER_PATHS = NO;
				CLANG_ANALYZER_NONNULL = YES;
				CLANG_CXX_LANGUAGE_STANDARD = "gnu++0x";
				CLANG_CXX_LIBRARY = "libc++";
				CLANG_ENABLE_MODULES = YES;
				CLANG_ENABLE_OBJC_ARC = YES;
				CLANG_WARN_BOOL_CONVERSION = YES;
				CLANG_WARN_CONSTANT_CONVERSION = YES;
				CLANG_WARN_DIRECT_OBJC_ISA_USAGE = YES_ERROR;
				CLANG_WARN_EMPTY_BODY = YES;
				CLANG_WARN_ENUM_CONVERSION = YES;
				CLANG_WARN_INFINITE_RECURSION = YES;
				CLANG_WARN_INT_CONVERSION = YES;
				CLANG_WARN_OBJC_ROOT_CLASS = YES_ERROR;
				CLANG_WARN_SUSPICIOUS_MOVE = YES;
				CLANG_WARN_UNREACHABLE_CODE = YES;
				CLANG_WARN__DUPLICATE_METHOD_MATCH = YES;
				"CODE_SIGN_IDENTITY[sdk=iphoneos*]" = "iPhone Developer";
				COPY_PHASE_STRIP = NO;
				DEBUG_INFORMATION_FORMAT = "dwarf-with-dsym";
				ENABLE_NS_ASSERTIONS = NO;
				ENABLE_STRICT_OBJC_MSGSEND = YES;
				GCC_C_LANGUAGE_STANDARD = gnu99;
				GCC_NO_COMMON_BLOCKS = YES;
				GCC_WARN_64_TO_32_BIT_CONVERSION = YES;
				GCC_WARN_ABOUT_RETURN_TYPE = YES_ERROR;
				GCC_WARN_UNDECLARED_SELECTOR = YES;
				GCC_WARN_UNINITIALIZED_AUTOS = YES_AGGRESSIVE;
				GCC_WARN_UNUSED_FUNCTION = YES;
				GCC_WARN_UNUSED_VARIABLE = YES;
				IPHONEOS_DEPLOYMENT_TARGET = 9.3;
				MTL_ENABLE_DEBUG_INFO = NO;
				SDKROOT = iphoneos;
				SWIFT_OPTIMIZATION_LEVEL = "-Owholemodule";
				TARGETED_DEVICE_FAMILY = "1,2";
				VALIDATE_PRODUCT = YES;
			};
			name = Release;
		};
		27AD28BF1D8262CC0058612C /* Debug */ = {
			isa = XCBuildConfiguration;
			buildSettings = {
				ASSETCATALOG_COMPILER_APPICON_NAME = AppIcon;
				INFOPLIST_FILE = Walkthrough/Info.plist;
				LD_RUNPATH_SEARCH_PATHS = "$(inherited) @executable_path/Frameworks";
				PRODUCT_BUNDLE_IDENTIFIER = jorgecasariego.me.Walkthrough;
				PRODUCT_NAME = "$(TARGET_NAME)";
				SWIFT_VERSION = 3.0;
			};
			name = Debug;
		};
		27AD28C01D8262CC0058612C /* Release */ = {
			isa = XCBuildConfiguration;
			buildSettings = {
				ASSETCATALOG_COMPILER_APPICON_NAME = AppIcon;
				INFOPLIST_FILE = Walkthrough/Info.plist;
				LD_RUNPATH_SEARCH_PATHS = "$(inherited) @executable_path/Frameworks";
				PRODUCT_BUNDLE_IDENTIFIER = jorgecasariego.me.Walkthrough;
				PRODUCT_NAME = "$(TARGET_NAME)";
				SWIFT_VERSION = 3.0;
			};
			name = Release;
		};
/* End XCBuildConfiguration section */

/* Begin XCConfigurationList section */
		27AD28A71D8262CC0058612C /* Build configuration list for PBXProject "Walkthrough" */ = {
			isa = XCConfigurationList;
			buildConfigurations = (
				27AD28BC1D8262CC0058612C /* Debug */,
				27AD28BD1D8262CC0058612C /* Release */,
			);
			defaultConfigurationIsVisible = 0;
			defaultConfigurationName = Release;
		};
		27AD28BE1D8262CC0058612C /* Build configuration list for PBXNativeTarget "Walkthrough" */ = {
			isa = XCConfigurationList;
			buildConfigurations = (
				27AD28BF1D8262CC0058612C /* Debug */,
				27AD28C01D8262CC0058612C /* Release */,
			);
			defaultConfigurationIsVisible = 0;
			defaultConfigurationName = Release;
		};
/* End XCConfigurationList section */
	};
	rootObject = 27AD28A41D8262CC0058612C /* Project object */;
}
